
Microsoft Visual Studio Solution File, Format Version 12.00
# Visual Studio Version 16
VisualStudioVersion = 16.0.33927.289
MinimumVisualStudioVersion = 10.0.40219.1
Project("{FAE04EC0-301F-11D3-BF4B-00C04F79EFBC}") = "TransportationConnectionMonitoring", "ConnectPingService\TransportationConnectionMonitoring.csproj", "{90A95B00-6C39-4C69-8E71-71117A749C22}"
EndProject
Global
	GlobalSection(SolutionConfigurationPlatforms) = preSolution
		Debug|Any CPU = Debug|Any CPU
		Release|Any CPU = Release|Any CPU
	EndGlobalSection
	GlobalSection(ProjectConfigurationPlatforms) = postSolution
		{90A95B00-6C39-4C69-8E71-71117A749C22}.Debug|Any CPU.ActiveCfg = Debug|Any CPU
		{90A95B00-6C39-4C69-8E71-71117A749C22}.Debug|Any CPU.Build.0 = Debug|Any CPU
		{90A95B00-6C39-4C69-8E71-71117A749C22}.Release|Any CPU.ActiveCfg = Release|Any CPU
		{90A95B00-6C39-4C69-8E71-71117A749C22}.Release|Any CPU.Build.0 = Release|Any CPU
	EndGlobalSection
	GlobalSection(SolutionProperties) = preSolution
		HideSolutionNode = FALSE
	EndGlobalSection
	GlobalSection(ExtensibilityGlobals) = postSolution
		SolutionGuid = {91B1F5D8-8C7D-49A2-8C6C-E68001E28A03}
	EndGlobalSection
EndGlobal
